
Microsoft Visual Studio Solution File, Format Version 12.00
Project("{FAE04EC0-301F-11D3-BF4B-00C04F79EFBC}") = "ApplicationName", "src\ApplicationName\ApplicationName.csproj", "{00564763-9CD4-4FD8-896C-C81505B84DEC}"
EndProject
Project("{FAE04EC0-301F-11D3-BF4B-00C04F79EFBC}") = "ApplicationName.Integration.Tests", "src\ApplicationName.Integration.Tests\ApplicationName.Integration.Tests.csproj", "{C53F363C-163E-4773-951A-51ECBDEAD78B}"
EndProject
Global
	GlobalSection(SolutionConfigurationPlatforms) = preSolution
		Debug|Any CPU = Debug|Any CPU
		Release|Any CPU = Release|Any CPU
	EndGlobalSection
	GlobalSection(ProjectConfigurationPlatforms) = postSolution
		{00564763-9CD4-4FD8-896C-C81505B84DEC}.Debug|Any CPU.ActiveCfg = Debug|Any CPU
		{00564763-9CD4-4FD8-896C-C81505B84DEC}.Debug|Any CPU.Build.0 = Debug|Any CPU
		{00564763-9CD4-4FD8-896C-C81505B84DEC}.Release|Any CPU.ActiveCfg = Release|Any CPU
		{00564763-9CD4-4FD8-896C-C81505B84DEC}.Release|Any CPU.Build.0 = Release|Any CPU
		{C53F363C-163E-4773-951A-51ECBDEAD78B}.Debug|Any CPU.ActiveCfg = Debug|Any CPU
		{C53F363C-163E-4773-951A-51ECBDEAD78B}.Debug|Any CPU.Build.0 = Debug|Any CPU
		{C53F363C-163E-4773-951A-51ECBDEAD78B}.Release|Any CPU.ActiveCfg = Release|Any CPU
		{C53F363C-163E-4773-951A-51ECBDEAD78B}.Release|Any CPU.Build.0 = Release|Any CPU
	EndGlobalSection
	GlobalSection(NestedProjects) = preSolution
	EndGlobalSection
EndGlobal
